
Microsoft Visual Studio Solution File, Format Version 12.00
# Visual Studio Version 17
VisualStudioVersion = 17.3.32901.215
MinimumVisualStudioVersion = 10.0.40219.1
Project("{FAE04EC0-301F-11D3-BF4B-00C04F79EFBC}") = "Solid_2023", "Solid_2023\Solid_2023.csproj", "{937A595D-FF23-4F9B-ABD4-042138EC47CE}"
EndProject
Global
	GlobalSection(SolutionConfigurationPlatforms) = preSolution
		Debug|Any CPU = Debug|Any CPU
		Release|Any CPU = Release|Any CPU
	EndGlobalSection
	GlobalSection(ProjectConfigurationPlatforms) = postSolution
		{937A595D-FF23-4F9B-ABD4-042138EC47CE}.Debug|Any CPU.ActiveCfg = Debug|Any CPU
		{937A595D-FF23-4F9B-ABD4-042138EC47CE}.Debug|Any CPU.Build.0 = Debug|Any CPU
		{937A595D-FF23-4F9B-ABD4-042138EC47CE}.Release|Any CPU.ActiveCfg = Release|Any CPU
		{937A595D-FF23-4F9B-ABD4-042138EC47CE}.Release|Any CPU.Build.0 = Release|Any CPU
	EndGlobalSection
	GlobalSection(SolutionProperties) = preSolution
		HideSolutionNode = FALSE
	EndGlobalSection
	GlobalSection(ExtensibilityGlobals) = postSolution
		SolutionGuid = {A2727AA8-CDBC-437D-95B4-34353A2E2D43}
	EndGlobalSection
EndGlobal
